// !$*UTF8*$!
{
	archiveVersion = 1;
	classes = {
	};
	objectVersion = 56;
	objects = {

/* Begin PBXBuildFile section */
		214ABFBF2B41AD380094297D /* AppDelegate.swift in Sources */ = {isa = PBXBuildFile; fileRef = 214ABFBE2B41AD380094297D /* AppDelegate.swift */; };
		214ABFC12B41AD380094297D /* SceneDelegate.swift in Sources */ = {isa = PBXBuildFile; fileRef = 214ABFC02B41AD380094297D /* SceneDelegate.swift */; };
		214ABFC92B41AD380094297D /* GoodWeather.xcdatamodeld in Sources */ = {isa = PBXBuildFile; fileRef = 214ABFC72B41AD380094297D /* GoodWeather.xcdatamodeld */; };
		214ABFCB2B41AD3B0094297D /* Assets.xcassets in Resources */ = {isa = PBXBuildFile; fileRef = 214ABFCA2B41AD3B0094297D /* Assets.xcassets */; };
		214ABFCE2B41AD3B0094297D /* LaunchScreen.storyboard in Resources */ = {isa = PBXBuildFile; fileRef = 214ABFCC2B41AD3B0094297D /* LaunchScreen.storyboard */; };
		214ABFE32B41AD3B0094297D /* GoodWeatherUITests.swift in Sources */ = {isa = PBXBuildFile; fileRef = 214ABFE22B41AD3B0094297D /* GoodWeatherUITests.swift */; };
		214ABFE52B41AD3B0094297D /* GoodWeatherUITestsLaunchTests.swift in Sources */ = {isa = PBXBuildFile; fileRef = 214ABFE42B41AD3B0094297D /* GoodWeatherUITestsLaunchTests.swift */; };
		214ABFF82B42024E0094297D /* WeatherVC.swift in Sources */ = {isa = PBXBuildFile; fileRef = 214ABFF62B42024E0094297D /* WeatherVC.swift */; };
		214ABFF92B42024E0094297D /* WeatherVC.xib in Resources */ = {isa = PBXBuildFile; fileRef = 214ABFF72B42024E0094297D /* WeatherVC.xib */; };
		214AC0002B4205340094297D /* SettingsVC.swift in Sources */ = {isa = PBXBuildFile; fileRef = 214ABFFE2B4205340094297D /* SettingsVC.swift */; };
		214AC0012B4205340094297D /* SettingsVC.xib in Resources */ = {isa = PBXBuildFile; fileRef = 214ABFFF2B4205340094297D /* SettingsVC.xib */; };
		214AC0042B4205570094297D /* AddNewCityVC.swift in Sources */ = {isa = PBXBuildFile; fileRef = 214AC0022B4205570094297D /* AddNewCityVC.swift */; };
		214AC0052B4205570094297D /* AddNewCityVC.xib in Resources */ = {isa = PBXBuildFile; fileRef = 214AC0032B4205570094297D /* AddNewCityVC.xib */; };
		214AC0082B4206260094297D /* UINAvigationController+Extentions.swift in Sources */ = {isa = PBXBuildFile; fileRef = 214AC0072B4206260094297D /* UINAvigationController+Extentions.swift */; };
		214AC00D2B42E79B0094297D /* WeatherTableViewCell.swift in Sources */ = {isa = PBXBuildFile; fileRef = 214AC00B2B42E79B0094297D /* WeatherTableViewCell.swift */; };
		214AC00E2B42E79B0094297D /* WeatherTableViewCell.xib in Resources */ = {isa = PBXBuildFile; fileRef = 214AC00C2B42E79B0094297D /* WeatherTableViewCell.xib */; };
		214AC0112B42FFE70094297D /* WebService.swift in Sources */ = {isa = PBXBuildFile; fileRef = 214AC0102B42FFE70094297D /* WebService.swift */; };
		214AC0152B4302220094297D /* Constants.swift in Sources */ = {isa = PBXBuildFile; fileRef = 214AC0142B4302220094297D /* Constants.swift */; };
		214AC0182B4309BE0094297D /* AddNewCityViewModel.swift in Sources */ = {isa = PBXBuildFile; fileRef = 214AC0172B4309BE0094297D /* AddNewCityViewModel.swift */; };
		214AC01B2B4317300094297D /* WeatherModel.swift in Sources */ = {isa = PBXBuildFile; fileRef = 214AC01A2B4317300094297D /* WeatherModel.swift */; };
		214AC0202B4413CF0094297D /* String+Extensions.swift in Sources */ = {isa = PBXBuildFile; fileRef = 214AC01F2B4413CF0094297D /* String+Extensions.swift */; };
		214AC0242B442B200094297D /* WeatherViewModel.swift in Sources */ = {isa = PBXBuildFile; fileRef = 214AC0232B442B200094297D /* WeatherViewModel.swift */; };
		214AC0262B442E010094297D /* CustomProtocools.swift in Sources */ = {isa = PBXBuildFile; fileRef = 214AC0252B442E010094297D /* CustomProtocools.swift */; };
		214AC0282B4435C00094297D /* Double + Extensions.swift in Sources */ = {isa = PBXBuildFile; fileRef = 214AC0272B4435C00094297D /* Double + Extensions.swift */; };
		214AC02B2B4462DF0094297D /* SettingsViewModel.swift in Sources */ = {isa = PBXBuildFile; fileRef = 214AC02A2B4462DF0094297D /* SettingsViewModel.swift */; };
		214AC02D2B4463EA0094297D /* UserDefaults.swift in Sources */ = {isa = PBXBuildFile; fileRef = 214AC02C2B4463EA0094297D /* UserDefaults.swift */; };
		214AC0382B46E0080094297D /* SettingsTestClass.swift in Sources */ = {isa = PBXBuildFile; fileRef = 214AC0372B46E0080094297D /* SettingsTestClass.swift */; };
		214AC03A2B46E4490094297D /* WeatherViewModelTestClass.swift in Sources */ = {isa = PBXBuildFile; fileRef = 214AC0392B46E4490094297D /* WeatherViewModelTestClass.swift */; };
/* End PBXBuildFile section */

/* Begin PBXContainerItemProxy section */
		214ABFD52B41AD3B0094297D /* PBXContainerItemProxy */ = {
			isa = PBXContainerItemProxy;
			containerPortal = 214ABFB32B41AD380094297D /* Project object */;
			proxyType = 1;
			remoteGlobalIDString = 214ABFBA2B41AD380094297D;
			remoteInfo = GoodWeather;
		};
		214ABFDF2B41AD3B0094297D /* PBXContainerItemProxy */ = {
			isa = PBXContainerItemProxy;
			containerPortal = 214ABFB32B41AD380094297D /* Project object */;
			proxyType = 1;
			remoteGlobalIDString = 214ABFBA2B41AD380094297D;
			remoteInfo = GoodWeather;
		};
/* End PBXContainerItemProxy section */

/* Begin PBXFileReference section */
		214ABFBB2B41AD380094297D /* GoodWeather.app */ = {isa = PBXFileReference; explicitFileType = wrapper.application; includeInIndex = 0; path = GoodWeather.app; sourceTree = BUILT_PRODUCTS_DIR; };
		214ABFBE2B41AD380094297D /* AppDelegate.swift */ = {isa = PBXFileReference; lastKnownFileType = sourcecode.swift; path = AppDelegate.swift; sourceTree = "<group>"; };
		214ABFC02B41AD380094297D /* SceneDelegate.swift */ = {isa = PBXFileReference; lastKnownFileType = sourcecode.swift; path = SceneDelegate.swift; sourceTree = "<group>"; };
		214ABFC82B41AD380094297D /* GoodWeather.xcdatamodel */ = {isa = PBXFileReference; lastKnownFileType = wrapper.xcdatamodel; path = GoodWeather.xcdatamodel; sourceTree = "<group>"; };
		214ABFCA2B41AD3B0094297D /* Assets.xcassets */ = {isa = PBXFileReference; lastKnownFileType = folder.assetcatalog; path = Assets.xcassets; sourceTree = "<group>"; };
		214ABFCD2B41AD3B0094297D /* Base */ = {isa = PBXFileReference; lastKnownFileType = file.storyboard; name = Base; path = Base.lproj/LaunchScreen.storyboard; sourceTree = "<group>"; };
		214ABFCF2B41AD3B0094297D /* Info.plist */ = {isa = PBXFileReference; lastKnownFileType = text.plist.xml; path = Info.plist; sourceTree = "<group>"; };
		214ABFD42B41AD3B0094297D /* GoodWeatherTests.xctest */ = {isa = PBXFileReference; explicitFileType = wrapper.cfbundle; includeInIndex = 0; path = GoodWeatherTests.xctest; sourceTree = BUILT_PRODUCTS_DIR; };
		214ABFDE2B41AD3B0094297D /* GoodWeatherUITests.xctest */ = {isa = PBXFileReference; explicitFileType = wrapper.cfbundle; includeInIndex = 0; path = GoodWeatherUITests.xctest; sourceTree = BUILT_PRODUCTS_DIR; };
		214ABFE22B41AD3B0094297D /* GoodWeatherUITests.swift */ = {isa = PBXFileReference; lastKnownFileType = sourcecode.swift; path = GoodWeatherUITests.swift; sourceTree = "<group>"; };
		214ABFE42B41AD3B0094297D /* GoodWeatherUITestsLaunchTests.swift */ = {isa = PBXFileReference; lastKnownFileType = sourcecode.swift; path = GoodWeatherUITestsLaunchTests.swift; sourceTree = "<group>"; };
		214ABFF62B42024E0094297D /* WeatherVC.swift */ = {isa = PBXFileReference; lastKnownFileType = sourcecode.swift; path = WeatherVC.swift; sourceTree = "<group>"; };
		214ABFF72B42024E0094297D /* WeatherVC.xib */ = {isa = PBXFileReference; lastKnownFileType = file.xib; path = WeatherVC.xib; sourceTree = "<group>"; };
		214ABFFE2B4205340094297D /* SettingsVC.swift */ = {isa = PBXFileReference; lastKnownFileType = sourcecode.swift; path = SettingsVC.swift; sourceTree = "<group>"; };
		214ABFFF2B4205340094297D /* SettingsVC.xib */ = {isa = PBXFileReference; lastKnownFileType = file.xib; path = SettingsVC.xib; sourceTree = "<group>"; };
		214AC0022B4205570094297D /* AddNewCityVC.swift */ = {isa = PBXFileReference; lastKnownFileType = sourcecode.swift; path = AddNewCityVC.swift; sourceTree = "<group>"; };
		214AC0032B4205570094297D /* AddNewCityVC.xib */ = {isa = PBXFileReference; lastKnownFileType = file.xib; path = AddNewCityVC.xib; sourceTree = "<group>"; };
		214AC0072B4206260094297D /* UINAvigationController+Extentions.swift */ = {isa = PBXFileReference; lastKnownFileType = sourcecode.swift; path = "UINAvigationController+Extentions.swift"; sourceTree = "<group>"; };
		214AC00B2B42E79B0094297D /* WeatherTableViewCell.swift */ = {isa = PBXFileReference; lastKnownFileType = sourcecode.swift; path = WeatherTableViewCell.swift; sourceTree = "<group>"; };
		214AC00C2B42E79B0094297D /* WeatherTableViewCell.xib */ = {isa = PBXFileReference; lastKnownFileType = file.xib; path = WeatherTableViewCell.xib; sourceTree = "<group>"; };
		214AC0102B42FFE70094297D /* WebService.swift */ = {isa = PBXFileReference; lastKnownFileType = sourcecode.swift; path = WebService.swift; sourceTree = "<group>"; };
		214AC0142B4302220094297D /* Constants.swift */ = {isa = PBXFileReference; lastKnownFileType = sourcecode.swift; path = Constants.swift; sourceTree = "<group>"; };
		214AC0172B4309BE0094297D /* AddNewCityViewModel.swift */ = {isa = PBXFileReference; lastKnownFileType = sourcecode.swift; path = AddNewCityViewModel.swift; sourceTree = "<group>"; };
		214AC01A2B4317300094297D /* WeatherModel.swift */ = {isa = PBXFileReference; lastKnownFileType = sourcecode.swift; path = WeatherModel.swift; sourceTree = "<group>"; };
		214AC01F2B4413CF0094297D /* String+Extensions.swift */ = {isa = PBXFileReference; lastKnownFileType = sourcecode.swift; path = "String+Extensions.swift"; sourceTree = "<group>"; };
		214AC0232B442B200094297D /* WeatherViewModel.swift */ = {isa = PBXFileReference; lastKnownFileType = sourcecode.swift; path = WeatherViewModel.swift; sourceTree = "<group>"; };
		214AC0252B442E010094297D /* CustomProtocools.swift */ = {isa = PBXFileReference; lastKnownFileType = sourcecode.swift; path = CustomProtocools.swift; sourceTree = "<group>"; };
		214AC0272B4435C00094297D /* Double + Extensions.swift */ = {isa = PBXFileReference; lastKnownFileType = sourcecode.swift; path = "Double + Extensions.swift"; sourceTree = "<group>"; };
		214AC02A2B4462DF0094297D /* SettingsViewModel.swift */ = {isa = PBXFileReference; lastKnownFileType = sourcecode.swift; path = SettingsViewModel.swift; sourceTree = "<group>"; };
		214AC02C2B4463EA0094297D /* UserDefaults.swift */ = {isa = PBXFileReference; lastKnownFileType = sourcecode.swift; path = UserDefaults.swift; sourceTree = "<group>"; };
		214AC0372B46E0080094297D /* SettingsTestClass.swift */ = {isa = PBXFileReference; lastKnownFileType = sourcecode.swift; path = SettingsTestClass.swift; sourceTree = "<group>"; };
		214AC0392B46E4490094297D /* WeatherViewModelTestClass.swift */ = {isa = PBXFileReference; lastKnownFileType = sourcecode.swift; path = WeatherViewModelTestClass.swift; sourceTree = "<group>"; };
/* End PBXFileReference section */

/* Begin PBXFrameworksBuildPhase section */
		214ABFB82B41AD380094297D /* Frameworks */ = {
			isa = PBXFrameworksBuildPhase;
			buildActionMask = 2147483647;
			files = (
			);
			runOnlyForDeploymentPostprocessing = 0;
		};
		214ABFD12B41AD3B0094297D /* Frameworks */ = {
			isa = PBXFrameworksBuildPhase;
			buildActionMask = 2147483647;
			files = (
			);
			runOnlyForDeploymentPostprocessing = 0;
		};
		214ABFDB2B41AD3B0094297D /* Frameworks */ = {
			isa = PBXFrameworksBuildPhase;
			buildActionMask = 2147483647;
			files = (
			);
			runOnlyForDeploymentPostprocessing = 0;
		};
/* End PBXFrameworksBuildPhase section */

/* Begin PBXGroup section */
		214ABFB22B41AD380094297D = {
			isa = PBXGroup;
			children = (
				214ABFBD2B41AD380094297D /* GoodWeather */,
				214ABFD72B41AD3B0094297D /* GoodWeatherTests */,
				214ABFE12B41AD3B0094297D /* GoodWeatherUITests */,
				214ABFBC2B41AD380094297D /* Products */,
			);
			sourceTree = "<group>";
		};
		214ABFBC2B41AD380094297D /* Products */ = {
			isa = PBXGroup;
			children = (
				214ABFBB2B41AD380094297D /* GoodWeather.app */,
				214ABFD42B41AD3B0094297D /* GoodWeatherTests.xctest */,
				214ABFDE2B41AD3B0094297D /* GoodWeatherUITests.xctest */,
			);
			name = Products;
			sourceTree = "<group>";
		};
		214ABFBD2B41AD380094297D /* GoodWeather */ = {
			isa = PBXGroup;
			children = (
				214AC0212B4415FF0094297D /* Utilites */,
				214AC00F2B42FFBB0094297D /* WebService */,
				214AC0062B42060B0094297D /* Extensions */,
				214ABFF32B4202220094297D /* Scenes */,
				214ABFF22B4202100094297D /* Resources */,
				214ABFF12B4202050094297D /* Core */,
				214ABFCF2B41AD3B0094297D /* Info.plist */,
				214ABFC72B41AD380094297D /* GoodWeather.xcdatamodeld */,
			);
			path = GoodWeather;
			sourceTree = "<group>";
		};
		214ABFD72B41AD3B0094297D /* GoodWeatherTests */ = {
			isa = PBXGroup;
			children = (
				214AC0372B46E0080094297D /* SettingsTestClass.swift */,
				214AC0392B46E4490094297D /* WeatherViewModelTestClass.swift */,
			);
			path = GoodWeatherTests;
			sourceTree = "<group>";
		};
		214ABFE12B41AD3B0094297D /* GoodWeatherUITests */ = {
			isa = PBXGroup;
			children = (
				214ABFE22B41AD3B0094297D /* GoodWeatherUITests.swift */,
				214ABFE42B41AD3B0094297D /* GoodWeatherUITestsLaunchTests.swift */,
			);
			path = GoodWeatherUITests;
			sourceTree = "<group>";
		};
		214ABFF12B4202050094297D /* Core */ = {
			isa = PBXGroup;
			children = (
				214ABFBE2B41AD380094297D /* AppDelegate.swift */,
				214ABFC02B41AD380094297D /* SceneDelegate.swift */,
			);
			path = Core;
			sourceTree = "<group>";
		};
		214ABFF22B4202100094297D /* Resources */ = {
			isa = PBXGroup;
			children = (
				214ABFCC2B41AD3B0094297D /* LaunchScreen.storyboard */,
				214ABFCA2B41AD3B0094297D /* Assets.xcassets */,
			);
			path = Resources;
			sourceTree = "<group>";
		};
		214ABFF32B4202220094297D /* Scenes */ = {
			isa = PBXGroup;
			children = (
				214ABFFB2B42050F0094297D /* SettingsVC */,
				214ABFFA2B4205040094297D /* AddNewCityVC */,
				214ABFF42B4202290094297D /* WeatherVC */,
			);
			path = Scenes;
			sourceTree = "<group>";
		};
		214ABFF42B4202290094297D /* WeatherVC */ = {
			isa = PBXGroup;
			children = (
				214AC0222B442B0C0094297D /* ViewModel */,
				214AC00A2B42E6ED0094297D /* Cells */,
				214ABFF52B4202350094297D /* View */,
			);
			path = WeatherVC;
			sourceTree = "<group>";
		};
		214ABFF52B4202350094297D /* View */ = {
			isa = PBXGroup;
			children = (
				214ABFF62B42024E0094297D /* WeatherVC.swift */,
				214ABFF72B42024E0094297D /* WeatherVC.xib */,
			);
			path = View;
			sourceTree = "<group>";
		};
		214ABFFA2B4205040094297D /* AddNewCityVC */ = {
			isa = PBXGroup;
			children = (
				214AC0192B4317210094297D /* Model */,
				214AC0162B4309A80094297D /* ViewModel */,
				214ABFFC2B4205170094297D /* View */,
			);
			path = AddNewCityVC;
			sourceTree = "<group>";
		};
		214ABFFB2B42050F0094297D /* SettingsVC */ = {
			isa = PBXGroup;
			children = (
				214AC0292B4462CC0094297D /* ViewModel */,
				214ABFFD2B42051E0094297D /* View */,
			);
			path = SettingsVC;
			sourceTree = "<group>";
		};
		214ABFFC2B4205170094297D /* View */ = {
			isa = PBXGroup;
			children = (
				214AC0022B4205570094297D /* AddNewCityVC.swift */,
				214AC0032B4205570094297D /* AddNewCityVC.xib */,
			);
			path = View;
			sourceTree = "<group>";
		};
		214ABFFD2B42051E0094297D /* View */ = {
			isa = PBXGroup;
			children = (
				214ABFFE2B4205340094297D /* SettingsVC.swift */,
				214ABFFF2B4205340094297D /* SettingsVC.xib */,
			);
			path = View;
			sourceTree = "<group>";
		};
		214AC0062B42060B0094297D /* Extensions */ = {
			isa = PBXGroup;
			children = (
				214AC0072B4206260094297D /* UINAvigationController+Extentions.swift */,
				214AC01F2B4413CF0094297D /* String+Extensions.swift */,
				214AC0272B4435C00094297D /* Double + Extensions.swift */,
			);
			path = Extensions;
			sourceTree = "<group>";
		};
		214AC00A2B42E6ED0094297D /* Cells */ = {
			isa = PBXGroup;
			children = (
				214AC00B2B42E79B0094297D /* WeatherTableViewCell.swift */,
				214AC00C2B42E79B0094297D /* WeatherTableViewCell.xib */,
			);
			path = Cells;
			sourceTree = "<group>";
		};
		214AC00F2B42FFBB0094297D /* WebService */ = {
			isa = PBXGroup;
			children = (
				214AC0102B42FFE70094297D /* WebService.swift */,
			);
			path = WebService;
			sourceTree = "<group>";
		};
		214AC0162B4309A80094297D /* ViewModel */ = {
			isa = PBXGroup;
			children = (
				214AC0172B4309BE0094297D /* AddNewCityViewModel.swift */,
			);
			path = ViewModel;
			sourceTree = "<group>";
		};
		214AC0192B4317210094297D /* Model */ = {
			isa = PBXGroup;
			children = (
				214AC01A2B4317300094297D /* WeatherModel.swift */,
			);
			path = Model;
			sourceTree = "<group>";
		};
		214AC0212B4415FF0094297D /* Utilites */ = {
			isa = PBXGroup;
			children = (
				214AC0142B4302220094297D /* Constants.swift */,
				214AC0252B442E010094297D /* CustomProtocools.swift */,
				214AC02C2B4463EA0094297D /* UserDefaults.swift */,
			);
			path = Utilites;
			sourceTree = "<group>";
		};
		214AC0222B442B0C0094297D /* ViewModel */ = {
			isa = PBXGroup;
			children = (
				214AC0232B442B200094297D /* WeatherViewModel.swift */,
			);
			path = ViewModel;
			sourceTree = "<group>";
		};
		214AC0292B4462CC0094297D /* ViewModel */ = {
			isa = PBXGroup;
			children = (
				214AC02A2B4462DF0094297D /* SettingsViewModel.swift */,
			);
			path = ViewModel;
			sourceTree = "<group>";
		};
/* End PBXGroup section */

/* Begin PBXNativeTarget section */
		214ABFBA2B41AD380094297D /* GoodWeather */ = {
			isa = PBXNativeTarget;
			buildConfigurationList = 214ABFE82B41AD3B0094297D /* Build configuration list for PBXNativeTarget "GoodWeather" */;
			buildPhases = (
				214ABFB72B41AD380094297D /* Sources */,
				214ABFB82B41AD380094297D /* Frameworks */,
				214ABFB92B41AD380094297D /* Resources */,
			);
			buildRules = (
			);
			dependencies = (
			);
			name = GoodWeather;
			productName = GoodWeather;
			productReference = 214ABFBB2B41AD380094297D /* GoodWeather.app */;
			productType = "com.apple.product-type.application";
		};
		214ABFD32B41AD3B0094297D /* GoodWeatherTests */ = {
			isa = PBXNativeTarget;
			buildConfigurationList = 214ABFEB2B41AD3B0094297D /* Build configuration list for PBXNativeTarget "GoodWeatherTests" */;
			buildPhases = (
				214ABFD02B41AD3B0094297D /* Sources */,
				214ABFD12B41AD3B0094297D /* Frameworks */,
				214ABFD22B41AD3B0094297D /* Resources */,
			);
			buildRules = (
			);
			dependencies = (
				214ABFD62B41AD3B0094297D /* PBXTargetDependency */,
			);
			name = GoodWeatherTests;
			productName = GoodWeatherTests;
			productReference = 214ABFD42B41AD3B0094297D /* GoodWeatherTests.xctest */;
			productType = "com.apple.product-type.bundle.unit-test";
		};
		214ABFDD2B41AD3B0094297D /* GoodWeatherUITests */ = {
			isa = PBXNativeTarget;
			buildConfigurationList = 214ABFEE2B41AD3B0094297D /* Build configuration list for PBXNativeTarget "GoodWeatherUITests" */;
			buildPhases = (
				214ABFDA2B41AD3B0094297D /* Sources */,
				214ABFDB2B41AD3B0094297D /* Frameworks */,
				214ABFDC2B41AD3B0094297D /* Resources */,
			);
			buildRules = (
			);
			dependencies = (
				214ABFE02B41AD3B0094297D /* PBXTargetDependency */,
			);
			name = GoodWeatherUITests;
			productName = GoodWeatherUITests;
			productReference = 214ABFDE2B41AD3B0094297D /* GoodWeatherUITests.xctest */;
			productType = "com.apple.product-type.bundle.ui-testing";
		};
/* End PBXNativeTarget section */

/* Begin PBXProject section */
		214ABFB32B41AD380094297D /* Project object */ = {
			isa = PBXProject;
			attributes = {
				BuildIndependentTargetsInParallel = 1;
				LastSwiftUpdateCheck = 1430;
				LastUpgradeCheck = 1430;
				TargetAttributes = {
					214ABFBA2B41AD380094297D = {
						CreatedOnToolsVersion = 14.3;
					};
					214ABFD32B41AD3B0094297D = {
						CreatedOnToolsVersion = 14.3;
						TestTargetID = 214ABFBA2B41AD380094297D;
					};
					214ABFDD2B41AD3B0094297D = {
						CreatedOnToolsVersion = 14.3;
						TestTargetID = 214ABFBA2B41AD380094297D;
					};
				};
			};
			buildConfigurationList = 214ABFB62B41AD380094297D /* Build configuration list for PBXProject "GoodWeather" */;
			compatibilityVersion = "Xcode 14.0";
			developmentRegion = en;
			hasScannedForEncodings = 0;
			knownRegions = (
				en,
				Base,
			);
			mainGroup = 214ABFB22B41AD380094297D;
			productRefGroup = 214ABFBC2B41AD380094297D /* Products */;
			projectDirPath = "";
			projectRoot = "";
			targets = (
				214ABFBA2B41AD380094297D /* GoodWeather */,
				214ABFD32B41AD3B0094297D /* GoodWeatherTests */,
				214ABFDD2B41AD3B0094297D /* GoodWeatherUITests */,
			);
		};
/* End PBXProject section */

/* Begin PBXResourcesBuildPhase section */
		214ABFB92B41AD380094297D /* Resources */ = {
			isa = PBXResourcesBuildPhase;
			buildActionMask = 2147483647;
			files = (
				214ABFCE2B41AD3B0094297D /* LaunchScreen.storyboard in Resources */,
				214AC0012B4205340094297D /* SettingsVC.xib in Resources */,
				214AC0052B4205570094297D /* AddNewCityVC.xib in Resources */,
				214ABFF92B42024E0094297D /* WeatherVC.xib in Resources */,
				214AC00E2B42E79B0094297D /* WeatherTableViewCell.xib in Resources */,
				214ABFCB2B41AD3B0094297D /* Assets.xcassets in Resources */,
			);
			runOnlyForDeploymentPostprocessing = 0;
		};
		214ABFD22B41AD3B0094297D /* Resources */ = {
			isa = PBXResourcesBuildPhase;
			buildActionMask = 2147483647;
			files = (
			);
			runOnlyForDeploymentPostprocessing = 0;
		};
		214ABFDC2B41AD3B0094297D /* Resources */ = {
			isa = PBXResourcesBuildPhase;
			buildActionMask = 2147483647;
			files = (
			);
			runOnlyForDeploymentPostprocessing = 0;
		};
/* End PBXResourcesBuildPhase section */

/* Begin PBXSourcesBuildPhase section */
		214ABFB72B41AD380094297D /* Sources */ = {
			isa = PBXSourcesBuildPhase;
			buildActionMask = 2147483647;
			files = (
				214AC0262B442E010094297D /* CustomProtocools.swift in Sources */,
				214AC0112B42FFE70094297D /* WebService.swift in Sources */,
				214AC0152B4302220094297D /* Constants.swift in Sources */,
				214AC00D2B42E79B0094297D /* WeatherTableViewCell.swift in Sources */,
				214AC0082B4206260094297D /* UINAvigationController+Extentions.swift in Sources */,
				214ABFC92B41AD380094297D /* GoodWeather.xcdatamodeld in Sources */,
				214AC01B2B4317300094297D /* WeatherModel.swift in Sources */,
				214ABFBF2B41AD380094297D /* AppDelegate.swift in Sources */,
				214AC02B2B4462DF0094297D /* SettingsViewModel.swift in Sources */,
				214AC0042B4205570094297D /* AddNewCityVC.swift in Sources */,
				214ABFC12B41AD380094297D /* SceneDelegate.swift in Sources */,
				214AC0282B4435C00094297D /* Double + Extensions.swift in Sources */,
				214AC0242B442B200094297D /* WeatherViewModel.swift in Sources */,
				214AC0182B4309BE0094297D /* AddNewCityViewModel.swift in Sources */,
				214AC02D2B4463EA0094297D /* UserDefaults.swift in Sources */,
				214AC0202B4413CF0094297D /* String+Extensions.swift in Sources */,
				214ABFF82B42024E0094297D /* WeatherVC.swift in Sources */,
				214AC0002B4205340094297D /* SettingsVC.swift in Sources */,
			);
			runOnlyForDeploymentPostprocessing = 0;
		};
		214ABFD02B41AD3B0094297D /* Sources */ = {
			isa = PBXSourcesBuildPhase;
			buildActionMask = 2147483647;
			files = (
				214AC03A2B46E4490094297D /* WeatherViewModelTestClass.swift in Sources */,
				214AC0382B46E0080094297D /* SettingsTestClass.swift in Sources */,
			);
			runOnlyForDeploymentPostprocessing = 0;
		};
		214ABFDA2B41AD3B0094297D /* Sources */ = {
			isa = PBXSourcesBuildPhase;
			buildActionMask = 2147483647;
			files = (
				214ABFE52B41AD3B0094297D /* GoodWeatherUITestsLaunchTests.swift in Sources */,
				214ABFE32B41AD3B0094297D /* GoodWeatherUITests.swift in Sources */,
			);
			runOnlyForDeploymentPostprocessing = 0;
		};
/* End PBXSourcesBuildPhase section */

/* Begin PBXTargetDependency section */
		214ABFD62B41AD3B0094297D /* PBXTargetDependency */ = {
			isa = PBXTargetDependency;
			target = 214ABFBA2B41AD380094297D /* GoodWeather */;
			targetProxy = 214ABFD52B41AD3B0094297D /* PBXContainerItemProxy */;
		};
		214ABFE02B41AD3B0094297D /* PBXTargetDependency */ = {
			isa = PBXTargetDependency;
			target = 214ABFBA2B41AD380094297D /* GoodWeather */;
			targetProxy = 214ABFDF2B41AD3B0094297D /* PBXContainerItemProxy */;
		};
/* End PBXTargetDependency section */

/* Begin PBXVariantGroup section */
		214ABFCC2B41AD3B0094297D /* LaunchScreen.storyboard */ = {
			isa = PBXVariantGroup;
			children = (
				214ABFCD2B41AD3B0094297D /* Base */,
			);
			name = LaunchScreen.storyboard;
			sourceTree = "<group>";
		};
/* End PBXVariantGroup section */

/* Begin XCBuildConfiguration section */
		214ABFE62B41AD3B0094297D /* Debug */ = {
			isa = XCBuildConfiguration;
			buildSettings = {
				ALWAYS_SEARCH_USER_PATHS = NO;
				CLANG_ANALYZER_NONNULL = YES;
				CLANG_ANALYZER_NUMBER_OBJECT_CONVERSION = YES_AGGRESSIVE;
				CLANG_CXX_LANGUAGE_STANDARD = "gnu++20";
				CLANG_ENABLE_MODULES = YES;
				CLANG_ENABLE_OBJC_ARC = YES;
				CLANG_ENABLE_OBJC_WEAK = YES;
				CLANG_WARN_BLOCK_CAPTURE_AUTORELEASING = YES;
				CLANG_WARN_BOOL_CONVERSION = YES;
				CLANG_WARN_COMMA = YES;
				CLANG_WARN_CONSTANT_CONVERSION = YES;
				CLANG_WARN_DEPRECATED_OBJC_IMPLEMENTATIONS = YES;
				CLANG_WARN_DIRECT_OBJC_ISA_USAGE = YES_ERROR;
				CLANG_WARN_DOCUMENTATION_COMMENTS = YES;
				CLANG_WARN_EMPTY_BODY = YES;
				CLANG_WARN_ENUM_CONVERSION = YES;
				CLANG_WARN_INFINITE_RECURSION = YES;
				CLANG_WARN_INT_CONVERSION = YES;
				CLANG_WARN_NON_LITERAL_NULL_CONVERSION = YES;
				CLANG_WARN_OBJC_IMPLICIT_RETAIN_SELF = YES;
				CLANG_WARN_OBJC_LITERAL_CONVERSION = YES;
				CLANG_WARN_OBJC_ROOT_CLASS = YES_ERROR;
				CLANG_WARN_QUOTED_INCLUDE_IN_FRAMEWORK_HEADER = YES;
				CLANG_WARN_RANGE_LOOP_ANALYSIS = YES;
				CLANG_WARN_STRICT_PROTOTYPES = YES;
				CLANG_WARN_SUSPICIOUS_MOVE = YES;
				CLANG_WARN_UNGUARDED_AVAILABILITY = YES_AGGRESSIVE;
				CLANG_WARN_UNREACHABLE_CODE = YES;
				CLANG_WARN__DUPLICATE_METHOD_MATCH = YES;
				COPY_PHASE_STRIP = NO;
				DEBUG_INFORMATION_FORMAT = dwarf;
				ENABLE_STRICT_OBJC_MSGSEND = YES;
				ENABLE_TESTABILITY = YES;
				GCC_C_LANGUAGE_STANDARD = gnu11;
				GCC_DYNAMIC_NO_PIC = NO;
				GCC_NO_COMMON_BLOCKS = YES;
				GCC_OPTIMIZATION_LEVEL = 0;
				GCC_PREPROCESSOR_DEFINITIONS = (
					"DEBUG=1",
					"$(inherited)",
				);
				GCC_WARN_64_TO_32_BIT_CONVERSION = YES;
				GCC_WARN_ABOUT_RETURN_TYPE = YES_ERROR;
				GCC_WARN_UNDECLARED_SELECTOR = YES;
				GCC_WARN_UNINITIALIZED_AUTOS = YES_AGGRESSIVE;
				GCC_WARN_UNUSED_FUNCTION = YES;
				GCC_WARN_UNUSED_VARIABLE = YES;
				IPHONEOS_DEPLOYMENT_TARGET = 16.4;
				MTL_ENABLE_DEBUG_INFO = INCLUDE_SOURCE;
				MTL_FAST_MATH = YES;
				ONLY_ACTIVE_ARCH = YES;
				SDKROOT = iphoneos;
				SWIFT_ACTIVE_COMPILATION_CONDITIONS = DEBUG;
				SWIFT_OPTIMIZATION_LEVEL = "-Onone";
			};
			name = Debug;
		};
		214ABFE72B41AD3B0094297D /* Release */ = {
			isa = XCBuildConfiguration;
			buildSettings = {
				ALWAYS_SEARCH_USER_PATHS = NO;
				CLANG_ANALYZER_NONNULL = YES;
				CLANG_ANALYZER_NUMBER_OBJECT_CONVERSION = YES_AGGRESSIVE;
				CLANG_CXX_LANGUAGE_STANDARD = "gnu++20";
				CLANG_ENABLE_MODULES = YES;
				CLANG_ENABLE_OBJC_ARC = YES;
				CLANG_ENABLE_OBJC_WEAK = YES;
				CLANG_WARN_BLOCK_CAPTURE_AUTORELEASING = YES;
				CLANG_WARN_BOOL_CONVERSION = YES;
				CLANG_WARN_COMMA = YES;
				CLANG_WARN_CONSTANT_CONVERSION = YES;
				CLANG_WARN_DEPRECATED_OBJC_IMPLEMENTATIONS = YES;
				CLANG_WARN_DIRECT_OBJC_ISA_USAGE = YES_ERROR;
				CLANG_WARN_DOCUMENTATION_COMMENTS = YES;
				CLANG_WARN_EMPTY_BODY = YES;
				CLANG_WARN_ENUM_CONVERSION = YES;
				CLANG_WARN_INFINITE_RECURSION = YES;
				CLANG_WARN_INT_CONVERSION = YES;
				CLANG_WARN_NON_LITERAL_NULL_CONVERSION = YES;
				CLANG_WARN_OBJC_IMPLICIT_RETAIN_SELF = YES;
				CLANG_WARN_OBJC_LITERAL_CONVERSION = YES;
				CLANG_WARN_OBJC_ROOT_CLASS = YES_ERROR;
				CLANG_WARN_QUOTED_INCLUDE_IN_FRAMEWORK_HEADER = YES;
				CLANG_WARN_RANGE_LOOP_ANALYSIS = YES;
				CLANG_WARN_STRICT_PROTOTYPES = YES;
				CLANG_WARN_SUSPICIOUS_MOVE = YES;
				CLANG_WARN_UNGUARDED_AVAILABILITY = YES_AGGRESSIVE;
				CLANG_WARN_UNREACHABLE_CODE = YES;
				CLANG_WARN__DUPLICATE_METHOD_MATCH = YES;
				COPY_PHASE_STRIP = NO;
				DEBUG_INFORMATION_FORMAT = "dwarf-with-dsym";
				ENABLE_NS_ASSERTIONS = NO;
				ENABLE_STRICT_OBJC_MSGSEND = YES;
				GCC_C_LANGUAGE_STANDARD = gnu11;
				GCC_NO_COMMON_BLOCKS = YES;
				GCC_WARN_64_TO_32_BIT_CONVERSION = YES;
				GCC_WARN_ABOUT_RETURN_TYPE = YES_ERROR;
				GCC_WARN_UNDECLARED_SELECTOR = YES;
				GCC_WARN_UNINITIALIZED_AUTOS = YES_AGGRESSIVE;
				GCC_WARN_UNUSED_FUNCTION = YES;
				GCC_WARN_UNUSED_VARIABLE = YES;
				IPHONEOS_DEPLOYMENT_TARGET = 16.4;
				MTL_ENABLE_DEBUG_INFO = NO;
				MTL_FAST_MATH = YES;
				SDKROOT = iphoneos;
				SWIFT_COMPILATION_MODE = wholemodule;
				SWIFT_OPTIMIZATION_LEVEL = "-O";
				VALIDATE_PRODUCT = YES;
			};
			name = Release;
		};
		214ABFE92B41AD3B0094297D /* Debug */ = {
			isa = XCBuildConfiguration;
			buildSettings = {
				ASSETCATALOG_COMPILER_APPICON_NAME = AppIcon;
				ASSETCATALOG_COMPILER_GLOBAL_ACCENT_COLOR_NAME = AccentColor;
				CODE_SIGN_STYLE = Automatic;
				CURRENT_PROJECT_VERSION = 1;
				DEVELOPMENT_TEAM = NU3L58K3P3;
				GENERATE_INFOPLIST_FILE = YES;
				INFOPLIST_FILE = GoodWeather/Info.plist;
				INFOPLIST_KEY_UIApplicationSupportsIndirectInputEvents = YES;
				INFOPLIST_KEY_UILaunchStoryboardName = LaunchScreen;
				INFOPLIST_KEY_UIStatusBarStyle = UIStatusBarStyleLightContent;
				INFOPLIST_KEY_UISupportedInterfaceOrientations_iPad = "UIInterfaceOrientationPortrait UIInterfaceOrientationPortraitUpsideDown UIInterfaceOrientationLandscapeLeft UIInterfaceOrientationLandscapeRight";
				INFOPLIST_KEY_UISupportedInterfaceOrientations_iPhone = "UIInterfaceOrientationPortrait UIInterfaceOrientationLandscapeLeft UIInterfaceOrientationLandscapeRight";
				LD_RUNPATH_SEARCH_PATHS = (
					"$(inherited)",
					"@executable_path/Frameworks",
				);
				MARKETING_VERSION = 1.0;
				PRODUCT_BUNDLE_IDENTIFIER = com.ios.GoodWeather;
				PRODUCT_NAME = "$(TARGET_NAME)";
				SWIFT_EMIT_LOC_STRINGS = YES;
				SWIFT_VERSION = 5.0;
				TARGETED_DEVICE_FAMILY = "1,2";
			};
			name = Debug;
		};
		214ABFEA2B41AD3B0094297D /* Release */ = {
			isa = XCBuildConfiguration;
			buildSettings = {
				ASSETCATALOG_COMPILER_APPICON_NAME = AppIcon;
				ASSETCATALOG_COMPILER_GLOBAL_ACCENT_COLOR_NAME = AccentColor;
				CODE_SIGN_STYLE = Automatic;
				CURRENT_PROJECT_VERSION = 1;
				DEVELOPMENT_TEAM = NU3L58K3P3;
				GENERATE_INFOPLIST_FILE = YES;
				INFOPLIST_FILE = GoodWeather/Info.plist;
				INFOPLIST_KEY_UIApplicationSupportsIndirectInputEvents = YES;
				INFOPLIST_KEY_UILaunchStoryboardName = LaunchScreen;
				INFOPLIST_KEY_UIStatusBarStyle = UIStatusBarStyleLightContent;
				INFOPLIST_KEY_UISupportedInterfaceOrientations_iPad = "UIInterfaceOrientationPortrait UIInterfaceOrientationPortraitUpsideDown UIInterfaceOrientationLandscapeLeft UIInterfaceOrientationLandscapeRight";
				INFOPLIST_KEY_UISupportedInterfaceOrientations_iPhone = "UIInterfaceOrientationPortrait UIInterfaceOrientationLandscapeLeft UIInterfaceOrientationLandscapeRight";
				LD_RUNPATH_SEARCH_PATHS = (
					"$(inherited)",
					"@executable_path/Frameworks",
				);
				MARKETING_VERSION = 1.0;
				PRODUCT_BUNDLE_IDENTIFIER = com.ios.GoodWeather;
				PRODUCT_NAME = "$(TARGET_NAME)";
				SWIFT_EMIT_LOC_STRINGS = YES;
				SWIFT_VERSION = 5.0;
				TARGETED_DEVICE_FAMILY = "1,2";
			};
			name = Release;
		};
		214ABFEC2B41AD3B0094297D /* Debug */ = {
			isa = XCBuildConfiguration;
			buildSettings = {
				ALWAYS_EMBED_SWIFT_STANDARD_LIBRARIES = YES;
				BUNDLE_LOADER = "$(TEST_HOST)";
				CODE_SIGN_STYLE = Automatic;
				CURRENT_PROJECT_VERSION = 1;
				GENERATE_INFOPLIST_FILE = YES;
				IPHONEOS_DEPLOYMENT_TARGET = 16.4;
				MARKETING_VERSION = 1.0;
				PRODUCT_BUNDLE_IDENTIFIER = com.ios.GoodWeatherTests;
				PRODUCT_NAME = "$(TARGET_NAME)";
				SWIFT_EMIT_LOC_STRINGS = NO;
				SWIFT_VERSION = 5.0;
				TARGETED_DEVICE_FAMILY = "1,2";
				TEST_HOST = "$(BUILT_PRODUCTS_DIR)/GoodWeather.app/$(BUNDLE_EXECUTABLE_FOLDER_PATH)/GoodWeather";
			};
			name = Debug;
		};
		214ABFED2B41AD3B0094297D /* Release */ = {
			isa = XCBuildConfiguration;
			buildSettings = {
				ALWAYS_EMBED_SWIFT_STANDARD_LIBRARIES = YES;
				BUNDLE_LOADER = "$(TEST_HOST)";
				CODE_SIGN_STYLE = Automatic;
				CURRENT_PROJECT_VERSION = 1;
				GENERATE_INFOPLIST_FILE = YES;
				IPHONEOS_DEPLOYMENT_TARGET = 16.4;
				MARKETING_VERSION = 1.0;
				PRODUCT_BUNDLE_IDENTIFIER = com.ios.GoodWeatherTests;
				PRODUCT_NAME = "$(TARGET_NAME)";
				SWIFT_EMIT_LOC_STRINGS = NO;
				SWIFT_VERSION = 5.0;
				TARGETED_DEVICE_FAMILY = "1,2";
				TEST_HOST = "$(BUILT_PRODUCTS_DIR)/GoodWeather.app/$(BUNDLE_EXECUTABLE_FOLDER_PATH)/GoodWeather";
			};
			name = Release;
		};
		214ABFEF2B41AD3B0094297D /* Debug */ = {
			isa = XCBuildConfiguration;
			buildSettings = {
				ALWAYS_EMBED_SWIFT_STANDARD_LIBRARIES = YES;
				CODE_SIGN_STYLE = Automatic;
				CURRENT_PROJECT_VERSION = 1;
				GENERATE_INFOPLIST_FILE = YES;
				MARKETING_VERSION = 1.0;
				PRODUCT_BUNDLE_IDENTIFIER = com.ios.GoodWeatherUITests;
				PRODUCT_NAME = "$(TARGET_NAME)";
				SWIFT_EMIT_LOC_STRINGS = NO;
				SWIFT_VERSION = 5.0;
				TARGETED_DEVICE_FAMILY = "1,2";
				TEST_TARGET_NAME = GoodWeather;
			};
			name = Debug;
		};
		214ABFF02B41AD3B0094297D /* Release */ = {
			isa = XCBuildConfiguration;
			buildSettings = {
				ALWAYS_EMBED_SWIFT_STANDARD_LIBRARIES = YES;
				CODE_SIGN_STYLE = Automatic;
				CURRENT_PROJECT_VERSION = 1;
				GENERATE_INFOPLIST_FILE = YES;
				MARKETING_VERSION = 1.0;
				PRODUCT_BUNDLE_IDENTIFIER = com.ios.GoodWeatherUITests;
				PRODUCT_NAME = "$(TARGET_NAME)";
				SWIFT_EMIT_LOC_STRINGS = NO;
				SWIFT_VERSION = 5.0;
				TARGETED_DEVICE_FAMILY = "1,2";
				TEST_TARGET_NAME = GoodWeather;
			};
			name = Release;
		};
/* End XCBuildConfiguration section */

/* Begin XCConfigurationList section */
		214ABFB62B41AD380094297D /* Build configuration list for PBXProject "GoodWeather" */ = {
			isa = XCConfigurationList;
			buildConfigurations = (
				214ABFE62B41AD3B0094297D /* Debug */,
				214ABFE72B41AD3B0094297D /* Release */,
			);
			defaultConfigurationIsVisible = 0;
			defaultConfigurationName = Release;
		};
		214ABFE82B41AD3B0094297D /* Build configuration list for PBXNativeTarget "GoodWeather" */ = {
			isa = XCConfigurationList;
			buildConfigurations = (
				214ABFE92B41AD3B0094297D /* Debug */,
				214ABFEA2B41AD3B0094297D /* Release */,
			);
			defaultConfigurationIsVisible = 0;
			defaultConfigurationName = Release;
		};
		214ABFEB2B41AD3B0094297D /* Build configuration list for PBXNativeTarget "GoodWeatherTests" */ = {
			isa = XCConfigurationList;
			buildConfigurations = (
				214ABFEC2B41AD3B0094297D /* Debug */,
				214ABFED2B41AD3B0094297D /* Release */,
			);
			defaultConfigurationIsVisible = 0;
			defaultConfigurationName = Release;
		};
		214ABFEE2B41AD3B0094297D /* Build configuration list for PBXNativeTarget "GoodWeatherUITests" */ = {
			isa = XCConfigurationList;
			buildConfigurations = (
				214ABFEF2B41AD3B0094297D /* Debug */,
				214ABFF02B41AD3B0094297D /* Release */,
			);
			defaultConfigurationIsVisible = 0;
			defaultConfigurationName = Release;
		};
/* End XCConfigurationList section */

/* Begin XCVersionGroup section */
		214ABFC72B41AD380094297D /* GoodWeather.xcdatamodeld */ = {
			isa = XCVersionGroup;
			children = (
				214ABFC82B41AD380094297D /* GoodWeather.xcdatamodel */,
			);
			currentVersion = 214ABFC82B41AD380094297D /* GoodWeather.xcdatamodel */;
			path = GoodWeather.xcdatamodeld;
			sourceTree = "<group>";
			versionGroupType = wrapper.xcdatamodel;
		};
/* End XCVersionGroup section */
	};
	rootObject = 214ABFB32B41AD380094297D /* Project object */;
}
