// !$*UTF8*$!
{
	archiveVersion = 1;
	classes = {
	};
	objectVersion = 56;
	objects = {

/* Begin PBXBuildFile section */
		214ABFBF2B41AD380094297D /* AppDelegate.swift in Sources */ = {isa = PBXBuildFile; fileRef = 214ABFBE2B41AD380094297D /* AppDelegate.swift */; };
		214ABFC12B41AD380094297D /* SceneDelegate.swift in Sources */ = {isa = PBXBuildFile; fileRef = 214ABFC02B41AD380094297D /* SceneDelegate.swift */; };
		214ABFC32B41AD380094297D /* ViewController.swift in Sources */ = {isa = PBXBuildFile; fileRef = 214ABFC22B41AD380094297D /* ViewController.swift */; };
		214ABFC62B41AD380094297D /* Main.storyboard in Resources */ = {isa = PBXBuildFile; fileRef = 214ABFC42B41AD380094297D /* Main.storyboard */; };
		214ABFC92B41AD380094297D /* GoodWeather.xcdatamodeld in Sources */ = {isa = PBXBuildFile; fileRef = 214ABFC72B41AD380094297D /* GoodWeather.xcdatamodeld */; };
		214ABFCB2B41AD3B0094297D /* Assets.xcassets in Resources */ = {isa = PBXBuildFile; fileRef = 214ABFCA2B41AD3B0094297D /* Assets.xcassets */; };
		214ABFCE2B41AD3B0094297D /* LaunchScreen.storyboard in Resources */ = {isa = PBXBuildFile; fileRef = 214ABFCC2B41AD3B0094297D /* LaunchScreen.storyboard */; };
		214ABFD92B41AD3B0094297D /* GoodWeatherTests.swift in Sources */ = {isa = PBXBuildFile; fileRef = 214ABFD82B41AD3B0094297D /* GoodWeatherTests.swift */; };
		214ABFE32B41AD3B0094297D /* GoodWeatherUITests.swift in Sources */ = {isa = PBXBuildFile; fileRef = 214ABFE22B41AD3B0094297D /* GoodWeatherUITests.swift */; };
		214ABFE52B41AD3B0094297D /* GoodWeatherUITestsLaunchTests.swift in Sources */ = {isa = PBXBuildFile; fileRef = 214ABFE42B41AD3B0094297D /* GoodWeatherUITestsLaunchTests.swift */; };
/* End PBXBuildFile section */

/* Begin PBXContainerItemProxy section */
		214ABFD52B41AD3B0094297D /* PBXContainerItemProxy */ = {
			isa = PBXContainerItemProxy;
			containerPortal = 214ABFB32B41AD380094297D /* Project object */;
			proxyType = 1;
			remoteGlobalIDString = 214ABFBA2B41AD380094297D;
			remoteInfo = GoodWeather;
		};
		214ABFDF2B41AD3B0094297D /* PBXContainerItemProxy */ = {
			isa = PBXContainerItemProxy;
			containerPortal = 214ABFB32B41AD380094297D /* Project object */;
			proxyType = 1;
			remoteGlobalIDString = 214ABFBA2B41AD380094297D;
			remoteInfo = GoodWeather;
		};
/* End PBXContainerItemProxy section */

/* Begin PBXFileReference section */
		214ABFBB2B41AD380094297D /* GoodWeather.app */ = {isa = PBXFileReference; explicitFileType = wrapper.application; includeInIndex = 0; path = GoodWeather.app; sourceTree = BUILT_PRODUCTS_DIR; };
		214ABFBE2B41AD380094297D /* AppDelegate.swift */ = {isa = PBXFileReference; lastKnownFileType = sourcecode.swift; path = AppDelegate.swift; sourceTree = "<group>"; };
		214ABFC02B41AD380094297D /* SceneDelegate.swift */ = {isa = PBXFileReference; lastKnownFileType = sourcecode.swift; path = SceneDelegate.swift; sourceTree = "<group>"; };
		214ABFC22B41AD380094297D /* ViewController.swift */ = {isa = PBXFileReference; lastKnownFileType = sourcecode.swift; path = ViewController.swift; sourceTree = "<group>"; };
		214ABFC52B41AD380094297D /* Base */ = {isa = PBXFileReference; lastKnownFileType = file.storyboard; name = Base; path = Base.lproj/Main.storyboard; sourceTree = "<group>"; };
		214ABFC82B41AD380094297D /* GoodWeather.xcdatamodel */ = {isa = PBXFileReference; lastKnownFileType = wrapper.xcdatamodel; path = GoodWeather.xcdatamodel; sourceTree = "<group>"; };
		214ABFCA2B41AD3B0094297D /* Assets.xcassets */ = {isa = PBXFileReference; lastKnownFileType = folder.assetcatalog; path = Assets.xcassets; sourceTree = "<group>"; };
		214ABFCD2B41AD3B0094297D /* Base */ = {isa = PBXFileReference; lastKnownFileType = file.storyboard; name = Base; path = Base.lproj/LaunchScreen.storyboard; sourceTree = "<group>"; };
		214ABFCF2B41AD3B0094297D /* Info.plist */ = {isa = PBXFileReference; lastKnownFileType = text.plist.xml; path = Info.plist; sourceTree = "<group>"; };
		214ABFD42B41AD3B0094297D /* GoodWeatherTests.xctest */ = {isa = PBXFileReference; explicitFileType = wrapper.cfbundle; includeInIndex = 0; path = GoodWeatherTests.xctest; sourceTree = BUILT_PRODUCTS_DIR; };
		214ABFD82B41AD3B0094297D /* GoodWeatherTests.swift */ = {isa = PBXFileReference; lastKnownFileType = sourcecode.swift; path = GoodWeatherTests.swift; sourceTree = "<group>"; };
		214ABFDE2B41AD3B0094297D /* GoodWeatherUITests.xctest */ = {isa = PBXFileReference; explicitFileType = wrapper.cfbundle; includeInIndex = 0; path = GoodWeatherUITests.xctest; sourceTree = BUILT_PRODUCTS_DIR; };
		214ABFE22B41AD3B0094297D /* GoodWeatherUITests.swift */ = {isa = PBXFileReference; lastKnownFileType = sourcecode.swift; path = GoodWeatherUITests.swift; sourceTree = "<group>"; };
		214ABFE42B41AD3B0094297D /* GoodWeatherUITestsLaunchTests.swift */ = {isa = PBXFileReference; lastKnownFileType = sourcecode.swift; path = GoodWeatherUITestsLaunchTests.swift; sourceTree = "<group>"; };
/* End PBXFileReference section */

/* Begin PBXFrameworksBuildPhase section */
		214ABFB82B41AD380094297D /* Frameworks */ = {
			isa = PBXFrameworksBuildPhase;
			buildActionMask = 2147483647;
			files = (
			);
			runOnlyForDeploymentPostprocessing = 0;
		};
		214ABFD12B41AD3B0094297D /* Frameworks */ = {
			isa = PBXFrameworksBuildPhase;
			buildActionMask = 2147483647;
			files = (
			);
			runOnlyForDeploymentPostprocessing = 0;
		};
		214ABFDB2B41AD3B0094297D /* Frameworks */ = {
			isa = PBXFrameworksBuildPhase;
			buildActionMask = 2147483647;
			files = (
			);
			runOnlyForDeploymentPostprocessing = 0;
		};
/* End PBXFrameworksBuildPhase section */

/* Begin PBXGroup section */
		214ABFB22B41AD380094297D = {
			isa = PBXGroup;
			children = (
				214ABFBD2B41AD380094297D /* GoodWeather */,
				214ABFD72B41AD3B0094297D /* GoodWeatherTests */,
				214ABFE12B41AD3B0094297D /* GoodWeatherUITests */,
				214ABFBC2B41AD380094297D /* Products */,
			);
			sourceTree = "<group>";
		};
		214ABFBC2B41AD380094297D /* Products */ = {
			isa = PBXGroup;
			children = (
				214ABFBB2B41AD380094297D /* GoodWeather.app */,
				214ABFD42B41AD3B0094297D /* GoodWeatherTests.xctest */,
				214ABFDE2B41AD3B0094297D /* GoodWeatherUITests.xctest */,
			);
			name = Products;
			sourceTree = "<group>";
		};
		214ABFBD2B41AD380094297D /* GoodWeather */ = {
			isa = PBXGroup;
			children = (
				214ABFBE2B41AD380094297D /* AppDelegate.swift */,
				214ABFC02B41AD380094297D /* SceneDelegate.swift */,
				214ABFC22B41AD380094297D /* ViewController.swift */,
				214ABFC42B41AD380094297D /* Main.storyboard */,
				214ABFCA2B41AD3B0094297D /* Assets.xcassets */,
				214ABFCC2B41AD3B0094297D /* LaunchScreen.storyboard */,
				214ABFCF2B41AD3B0094297D /* Info.plist */,
				214ABFC72B41AD380094297D /* GoodWeather.xcdatamodeld */,
			);
			path = GoodWeather;
			sourceTree = "<group>";
		};
		214ABFD72B41AD3B0094297D /* GoodWeatherTests */ = {
			isa = PBXGroup;
			children = (
				214ABFD82B41AD3B0094297D /* GoodWeatherTests.swift */,
			);
			path = GoodWeatherTests;
			sourceTree = "<group>";
		};
		214ABFE12B41AD3B0094297D /* GoodWeatherUITests */ = {
			isa = PBXGroup;
			children = (
				214ABFE22B41AD3B0094297D /* GoodWeatherUITests.swift */,
				214ABFE42B41AD3B0094297D /* GoodWeatherUITestsLaunchTests.swift */,
			);
			path = GoodWeatherUITests;
			sourceTree = "<group>";
		};
/* End PBXGroup section */

/* Begin PBXNativeTarget section */
		214ABFBA2B41AD380094297D /* GoodWeather */ = {
			isa = PBXNativeTarget;
			buildConfigurationList = 214ABFE82B41AD3B0094297D /* Build configuration list for PBXNativeTarget "GoodWeather" */;
			buildPhases = (
				214ABFB72B41AD380094297D /* Sources */,
				214ABFB82B41AD380094297D /* Frameworks */,
				214ABFB92B41AD380094297D /* Resources */,
			);
			buildRules = (
			);
			dependencies = (
			);
			name = GoodWeather;
			productName = GoodWeather;
			productReference = 214ABFBB2B41AD380094297D /* GoodWeather.app */;
			productType = "com.apple.product-type.application";
		};
		214ABFD32B41AD3B0094297D /* GoodWeatherTests */ = {
			isa = PBXNativeTarget;
			buildConfigurationList = 214ABFEB2B41AD3B0094297D /* Build configuration list for PBXNativeTarget "GoodWeatherTests" */;
			buildPhases = (
				214ABFD02B41AD3B0094297D /* Sources */,
				214ABFD12B41AD3B0094297D /* Frameworks */,
				214ABFD22B41AD3B0094297D /* Resources */,
			);
			buildRules = (
			);
			dependencies = (
				214ABFD62B41AD3B0094297D /* PBXTargetDependency */,
			);
			name = GoodWeatherTests;
			productName = GoodWeatherTests;
			productReference = 214ABFD42B41AD3B0094297D /* GoodWeatherTests.xctest */;
			productType = "com.apple.product-type.bundle.unit-test";
		};
		214ABFDD2B41AD3B0094297D /* GoodWeatherUITests */ = {
			isa = PBXNativeTarget;
			buildConfigurationList = 214ABFEE2B41AD3B0094297D /* Build configuration list for PBXNativeTarget "GoodWeatherUITests" */;
			buildPhases = (
				214ABFDA2B41AD3B0094297D /* Sources */,
				214ABFDB2B41AD3B0094297D /* Frameworks */,
				214ABFDC2B41AD3B0094297D /* Resources */,
			);
			buildRules = (
			);
			dependencies = (
				214ABFE02B41AD3B0094297D /* PBXTargetDependency */,
			);
			name = GoodWeatherUITests;
			productName = GoodWeatherUITests;
			productReference = 214ABFDE2B41AD3B0094297D /* GoodWeatherUITests.xctest */;
			productType = "com.apple.product-type.bundle.ui-testing";
		};
/* End PBXNativeTarget section */

/* Begin PBXProject section */
		214ABFB32B41AD380094297D /* Project object */ = {
			isa = PBXProject;
			attributes = {
				BuildIndependentTargetsInParallel = 1;
				LastSwiftUpdateCheck = 1430;
				LastUpgradeCheck = 1430;
				TargetAttributes = {
					214ABFBA2B41AD380094297D = {
						CreatedOnToolsVersion = 14.3;
					};
					214ABFD32B41AD3B0094297D = {
						CreatedOnToolsVersion = 14.3;
						TestTargetID = 214ABFBA2B41AD380094297D;
					};
					214ABFDD2B41AD3B0094297D = {
						CreatedOnToolsVersion = 14.3;
						TestTargetID = 214ABFBA2B41AD380094297D;
					};
				};
			};
			buildConfigurationList = 214ABFB62B41AD380094297D /* Build configuration list for PBXProject "GoodWeather" */;
			compatibilityVersion = "Xcode 14.0";
			developmentRegion = en;
			hasScannedForEncodings = 0;
			knownRegions = (
				en,
				Base,
			);
			mainGroup = 214ABFB22B41AD380094297D;
			productRefGroup = 214ABFBC2B41AD380094297D /* Products */;
			projectDirPath = "";
			projectRoot = "";
			targets = (
				214ABFBA2B41AD380094297D /* GoodWeather */,
				214ABFD32B41AD3B0094297D /* GoodWeatherTests */,
				214ABFDD2B41AD3B0094297D /* GoodWeatherUITests */,
			);
		};
/* End PBXProject section */

/* Begin PBXResourcesBuildPhase section */
		214ABFB92B41AD380094297D /* Resources */ = {
			isa = PBXResourcesBuildPhase;
			buildActionMask = 2147483647;
			files = (
				214ABFCE2B41AD3B0094297D /* LaunchScreen.storyboard in Resources */,
				214ABFCB2B41AD3B0094297D /* Assets.xcassets in Resources */,
				214ABFC62B41AD380094297D /* Main.storyboard in Resources */,
			);
			runOnlyForDeploymentPostprocessing = 0;
		};
		214ABFD22B41AD3B0094297D /* Resources */ = {
			isa = PBXResourcesBuildPhase;
			buildActionMask = 2147483647;
			files = (
			);
			runOnlyForDeploymentPostprocessing = 0;
		};
		214ABFDC2B41AD3B0094297D /* Resources */ = {
			isa = PBXResourcesBuildPhase;
			buildActionMask = 2147483647;
			files = (
			);
			runOnlyForDeploymentPostprocessing = 0;
		};
/* End PBXResourcesBuildPhase section */

/* Begin PBXSourcesBuildPhase section */
		214ABFB72B41AD380094297D /* Sources */ = {
			isa = PBXSourcesBuildPhase;
			buildActionMask = 2147483647;
			files = (
				214ABFC32B41AD380094297D /* ViewController.swift in Sources */,
				214ABFC92B41AD380094297D /* GoodWeather.xcdatamodeld in Sources */,
				214ABFBF2B41AD380094297D /* AppDelegate.swift in Sources */,
				214ABFC12B41AD380094297D /* SceneDelegate.swift in Sources */,
			);
			runOnlyForDeploymentPostprocessing = 0;
		};
		214ABFD02B41AD3B0094297D /* Sources */ = {
			isa = PBXSourcesBuildPhase;
			buildActionMask = 2147483647;
			files = (
				214ABFD92B41AD3B0094297D /* GoodWeatherTests.swift in Sources */,
			);
			runOnlyForDeploymentPostprocessing = 0;
		};
		214ABFDA2B41AD3B0094297D /* Sources */ = {
			isa = PBXSourcesBuildPhase;
			buildActionMask = 2147483647;
			files = (
				214ABFE52B41AD3B0094297D /* GoodWeatherUITestsLaunchTests.swift in Sources */,
				214ABFE32B41AD3B0094297D /* GoodWeatherUITests.swift in Sources */,
			);
			runOnlyForDeploymentPostprocessing = 0;
		};
/* End PBXSourcesBuildPhase section */

/* Begin PBXTargetDependency section */
		214ABFD62B41AD3B0094297D /* PBXTargetDependency */ = {
			isa = PBXTargetDependency;
			target = 214ABFBA2B41AD380094297D /* GoodWeather */;
			targetProxy = 214ABFD52B41AD3B0094297D /* PBXContainerItemProxy */;
		};
		214ABFE02B41AD3B0094297D /* PBXTargetDependency */ = {
			isa = PBXTargetDependency;
			target = 214ABFBA2B41AD380094297D /* GoodWeather */;
			targetProxy = 214ABFDF2B41AD3B0094297D /* PBXContainerItemProxy */;
		};
/* End PBXTargetDependency section */

/* Begin PBXVariantGroup section */
		214ABFC42B41AD380094297D /* Main.storyboard */ = {
			isa = PBXVariantGroup;
			children = (
				214ABFC52B41AD380094297D /* Base */,
			);
			name = Main.storyboard;
			sourceTree = "<group>";
		};
		214ABFCC2B41AD3B0094297D /* LaunchScreen.storyboard */ = {
			isa = PBXVariantGroup;
			children = (
				214ABFCD2B41AD3B0094297D /* Base */,
			);
			name = LaunchScreen.storyboard;
			sourceTree = "<group>";
		};
/* End PBXVariantGroup section */

/* Begin XCBuildConfiguration section */
		214ABFE62B41AD3B0094297D /* Debug */ = {
			isa = XCBuildConfiguration;
			buildSettings = {
				ALWAYS_SEARCH_USER_PATHS = NO;
				CLANG_ANALYZER_NONNULL = YES;
				CLANG_ANALYZER_NUMBER_OBJECT_CONVERSION = YES_AGGRESSIVE;
				CLANG_CXX_LANGUAGE_STANDARD = "gnu++20";
				CLANG_ENABLE_MODULES = YES;
				CLANG_ENABLE_OBJC_ARC = YES;
				CLANG_ENABLE_OBJC_WEAK = YES;
				CLANG_WARN_BLOCK_CAPTURE_AUTORELEASING = YES;
				CLANG_WARN_BOOL_CONVERSION = YES;
				CLANG_WARN_COMMA = YES;
				CLANG_WARN_CONSTANT_CONVERSION = YES;
				CLANG_WARN_DEPRECATED_OBJC_IMPLEMENTATIONS = YES;
				CLANG_WARN_DIRECT_OBJC_ISA_USAGE = YES_ERROR;
				CLANG_WARN_DOCUMENTATION_COMMENTS = YES;
				CLANG_WARN_EMPTY_BODY = YES;
				CLANG_WARN_ENUM_CONVERSION = YES;
				CLANG_WARN_INFINITE_RECURSION = YES;
				CLANG_WARN_INT_CONVERSION = YES;
				CLANG_WARN_NON_LITERAL_NULL_CONVERSION = YES;
				CLANG_WARN_OBJC_IMPLICIT_RETAIN_SELF = YES;
				CLANG_WARN_OBJC_LITERAL_CONVERSION = YES;
				CLANG_WARN_OBJC_ROOT_CLASS = YES_ERROR;
				CLANG_WARN_QUOTED_INCLUDE_IN_FRAMEWORK_HEADER = YES;
				CLANG_WARN_RANGE_LOOP_ANALYSIS = YES;
				CLANG_WARN_STRICT_PROTOTYPES = YES;
				CLANG_WARN_SUSPICIOUS_MOVE = YES;
				CLANG_WARN_UNGUARDED_AVAILABILITY = YES_AGGRESSIVE;
				CLANG_WARN_UNREACHABLE_CODE = YES;
				CLANG_WARN__DUPLICATE_METHOD_MATCH = YES;
				COPY_PHASE_STRIP = NO;
				DEBUG_INFORMATION_FORMAT = dwarf;
				ENABLE_STRICT_OBJC_MSGSEND = YES;
				ENABLE_TESTABILITY = YES;
				GCC_C_LANGUAGE_STANDARD = gnu11;
				GCC_DYNAMIC_NO_PIC = NO;
				GCC_NO_COMMON_BLOCKS = YES;
				GCC_OPTIMIZATION_LEVEL = 0;
				GCC_PREPROCESSOR_DEFINITIONS = (
					"DEBUG=1",
					"$(inherited)",
				);
				GCC_WARN_64_TO_32_BIT_CONVERSION = YES;
				GCC_WARN_ABOUT_RETURN_TYPE = YES_ERROR;
				GCC_WARN_UNDECLARED_SELECTOR = YES;
				GCC_WARN_UNINITIALIZED_AUTOS = YES_AGGRESSIVE;
				GCC_WARN_UNUSED_FUNCTION = YES;
				GCC_WARN_UNUSED_VARIABLE = YES;
				IPHONEOS_DEPLOYMENT_TARGET = 16.4;
				MTL_ENABLE_DEBUG_INFO = INCLUDE_SOURCE;
				MTL_FAST_MATH = YES;
				ONLY_ACTIVE_ARCH = YES;
				SDKROOT = iphoneos;
				SWIFT_ACTIVE_COMPILATION_CONDITIONS = DEBUG;
				SWIFT_OPTIMIZATION_LEVEL = "-Onone";
			};
			name = Debug;
		};
		214ABFE72B41AD3B0094297D /* Release */ = {
			isa = XCBuildConfiguration;
			buildSettings = {
				ALWAYS_SEARCH_USER_PATHS = NO;
				CLANG_ANALYZER_NONNULL = YES;
				CLANG_ANALYZER_NUMBER_OBJECT_CONVERSION = YES_AGGRESSIVE;
				CLANG_CXX_LANGUAGE_STANDARD = "gnu++20";
				CLANG_ENABLE_MODULES = YES;
				CLANG_ENABLE_OBJC_ARC = YES;
				CLANG_ENABLE_OBJC_WEAK = YES;
				CLANG_WARN_BLOCK_CAPTURE_AUTORELEASING = YES;
				CLANG_WARN_BOOL_CONVERSION = YES;
				CLANG_WARN_COMMA = YES;
				CLANG_WARN_CONSTANT_CONVERSION = YES;
				CLANG_WARN_DEPRECATED_OBJC_IMPLEMENTATIONS = YES;
				CLANG_WARN_DIRECT_OBJC_ISA_USAGE = YES_ERROR;
				CLANG_WARN_DOCUMENTATION_COMMENTS = YES;
				CLANG_WARN_EMPTY_BODY = YES;
				CLANG_WARN_ENUM_CONVERSION = YES;
				CLANG_WARN_INFINITE_RECURSION = YES;
				CLANG_WARN_INT_CONVERSION = YES;
				CLANG_WARN_NON_LITERAL_NULL_CONVERSION = YES;
				CLANG_WARN_OBJC_IMPLICIT_RETAIN_SELF = YES;
				CLANG_WARN_OBJC_LITERAL_CONVERSION = YES;
				CLANG_WARN_OBJC_ROOT_CLASS = YES_ERROR;
				CLANG_WARN_QUOTED_INCLUDE_IN_FRAMEWORK_HEADER = YES;
				CLANG_WARN_RANGE_LOOP_ANALYSIS = YES;
				CLANG_WARN_STRICT_PROTOTYPES = YES;
				CLANG_WARN_SUSPICIOUS_MOVE = YES;
				CLANG_WARN_UNGUARDED_AVAILABILITY = YES_AGGRESSIVE;
				CLANG_WARN_UNREACHABLE_CODE = YES;
				CLANG_WARN__DUPLICATE_METHOD_MATCH = YES;
				COPY_PHASE_STRIP = NO;
				DEBUG_INFORMATION_FORMAT = "dwarf-with-dsym";
				ENABLE_NS_ASSERTIONS = NO;
				ENABLE_STRICT_OBJC_MSGSEND = YES;
				GCC_C_LANGUAGE_STANDARD = gnu11;
				GCC_NO_COMMON_BLOCKS = YES;
				GCC_WARN_64_TO_32_BIT_CONVERSION = YES;
				GCC_WARN_ABOUT_RETURN_TYPE = YES_ERROR;
				GCC_WARN_UNDECLARED_SELECTOR = YES;
				GCC_WARN_UNINITIALIZED_AUTOS = YES_AGGRESSIVE;
				GCC_WARN_UNUSED_FUNCTION = YES;
				GCC_WARN_UNUSED_VARIABLE = YES;
				IPHONEOS_DEPLOYMENT_TARGET = 16.4;
				MTL_ENABLE_DEBUG_INFO = NO;
				MTL_FAST_MATH = YES;
				SDKROOT = iphoneos;
				SWIFT_COMPILATION_MODE = wholemodule;
				SWIFT_OPTIMIZATION_LEVEL = "-O";
				VALIDATE_PRODUCT = YES;
			};
			name = Release;
		};
		214ABFE92B41AD3B0094297D /* Debug */ = {
			isa = XCBuildConfiguration;
			buildSettings = {
				ASSETCATALOG_COMPILER_APPICON_NAME = AppIcon;
				ASSETCATALOG_COMPILER_GLOBAL_ACCENT_COLOR_NAME = AccentColor;
				CODE_SIGN_STYLE = Automatic;
				CURRENT_PROJECT_VERSION = 1;
				GENERATE_INFOPLIST_FILE = YES;
				INFOPLIST_FILE = GoodWeather/Info.plist;
				INFOPLIST_KEY_UIApplicationSupportsIndirectInputEvents = YES;
				INFOPLIST_KEY_UILaunchStoryboardName = LaunchScreen;
				INFOPLIST_KEY_UIMainStoryboardFile = Main;
				INFOPLIST_KEY_UISupportedInterfaceOrientations_iPad = "UIInterfaceOrientationPortrait UIInterfaceOrientationPortraitUpsideDown UIInterfaceOrientationLandscapeLeft UIInterfaceOrientationLandscapeRight";
				INFOPLIST_KEY_UISupportedInterfaceOrientations_iPhone = "UIInterfaceOrientationPortrait UIInterfaceOrientationLandscapeLeft UIInterfaceOrientationLandscapeRight";
				LD_RUNPATH_SEARCH_PATHS = (
					"$(inherited)",
					"@executable_path/Frameworks",
				);
				MARKETING_VERSION = 1.0;
				PRODUCT_BUNDLE_IDENTIFIER = com.ios.GoodWeather;
				PRODUCT_NAME = "$(TARGET_NAME)";
				SWIFT_EMIT_LOC_STRINGS = YES;
				SWIFT_VERSION = 5.0;
				TARGETED_DEVICE_FAMILY = "1,2";
			};
			name = Debug;
		};
		214ABFEA2B41AD3B0094297D /* Release */ = {
			isa = XCBuildConfiguration;
			buildSettings = {
				ASSETCATALOG_COMPILER_APPICON_NAME = AppIcon;
				ASSETCATALOG_COMPILER_GLOBAL_ACCENT_COLOR_NAME = AccentColor;
				CODE_SIGN_STYLE = Automatic;
				CURRENT_PROJECT_VERSION = 1;
				GENERATE_INFOPLIST_FILE = YES;
				INFOPLIST_FILE = GoodWeather/Info.plist;
				INFOPLIST_KEY_UIApplicationSupportsIndirectInputEvents = YES;
				INFOPLIST_KEY_UILaunchStoryboardName = LaunchScreen;
				INFOPLIST_KEY_UIMainStoryboardFile = Main;
				INFOPLIST_KEY_UISupportedInterfaceOrientations_iPad = "UIInterfaceOrientationPortrait UIInterfaceOrientationPortraitUpsideDown UIInterfaceOrientationLandscapeLeft UIInterfaceOrientationLandscapeRight";
				INFOPLIST_KEY_UISupportedInterfaceOrientations_iPhone = "UIInterfaceOrientationPortrait UIInterfaceOrientationLandscapeLeft UIInterfaceOrientationLandscapeRight";
				LD_RUNPATH_SEARCH_PATHS = (
					"$(inherited)",
					"@executable_path/Frameworks",
				);
				MARKETING_VERSION = 1.0;
				PRODUCT_BUNDLE_IDENTIFIER = com.ios.GoodWeather;
				PRODUCT_NAME = "$(TARGET_NAME)";
				SWIFT_EMIT_LOC_STRINGS = YES;
				SWIFT_VERSION = 5.0;
				TARGETED_DEVICE_FAMILY = "1,2";
			};
			name = Release;
		};
		214ABFEC2B41AD3B0094297D /* Debug */ = {
			isa = XCBuildConfiguration;
			buildSettings = {
				ALWAYS_EMBED_SWIFT_STANDARD_LIBRARIES = YES;
				BUNDLE_LOADER = "$(TEST_HOST)";
				CODE_SIGN_STYLE = Automatic;
				CURRENT_PROJECT_VERSION = 1;
				GENERATE_INFOPLIST_FILE = YES;
				IPHONEOS_DEPLOYMENT_TARGET = 16.4;
				MARKETING_VERSION = 1.0;
				PRODUCT_BUNDLE_IDENTIFIER = com.ios.GoodWeatherTests;
				PRODUCT_NAME = "$(TARGET_NAME)";
				SWIFT_EMIT_LOC_STRINGS = NO;
				SWIFT_VERSION = 5.0;
				TARGETED_DEVICE_FAMILY = "1,2";
				TEST_HOST = "$(BUILT_PRODUCTS_DIR)/GoodWeather.app/$(BUNDLE_EXECUTABLE_FOLDER_PATH)/GoodWeather";
			};
			name = Debug;
		};
		214ABFED2B41AD3B0094297D /* Release */ = {
			isa = XCBuildConfiguration;
			buildSettings = {
				ALWAYS_EMBED_SWIFT_STANDARD_LIBRARIES = YES;
				BUNDLE_LOADER = "$(TEST_HOST)";
				CODE_SIGN_STYLE = Automatic;
				CURRENT_PROJECT_VERSION = 1;
				GENERATE_INFOPLIST_FILE = YES;
				IPHONEOS_DEPLOYMENT_TARGET = 16.4;
				MARKETING_VERSION = 1.0;
				PRODUCT_BUNDLE_IDENTIFIER = com.ios.GoodWeatherTests;
				PRODUCT_NAME = "$(TARGET_NAME)";
				SWIFT_EMIT_LOC_STRINGS = NO;
				SWIFT_VERSION = 5.0;
				TARGETED_DEVICE_FAMILY = "1,2";
				TEST_HOST = "$(BUILT_PRODUCTS_DIR)/GoodWeather.app/$(BUNDLE_EXECUTABLE_FOLDER_PATH)/GoodWeather";
			};
			name = Release;
		};
		214ABFEF2B41AD3B0094297D /* Debug */ = {
			isa = XCBuildConfiguration;
			buildSettings = {
				ALWAYS_EMBED_SWIFT_STANDARD_LIBRARIES = YES;
				CODE_SIGN_STYLE = Automatic;
				CURRENT_PROJECT_VERSION = 1;
				GENERATE_INFOPLIST_FILE = YES;
				MARKETING_VERSION = 1.0;
				PRODUCT_BUNDLE_IDENTIFIER = com.ios.GoodWeatherUITests;
				PRODUCT_NAME = "$(TARGET_NAME)";
				SWIFT_EMIT_LOC_STRINGS = NO;
				SWIFT_VERSION = 5.0;
				TARGETED_DEVICE_FAMILY = "1,2";
				TEST_TARGET_NAME = GoodWeather;
			};
			name = Debug;
		};
		214ABFF02B41AD3B0094297D /* Release */ = {
			isa = XCBuildConfiguration;
			buildSettings = {
				ALWAYS_EMBED_SWIFT_STANDARD_LIBRARIES = YES;
				CODE_SIGN_STYLE = Automatic;
				CURRENT_PROJECT_VERSION = 1;
				GENERATE_INFOPLIST_FILE = YES;
				MARKETING_VERSION = 1.0;
				PRODUCT_BUNDLE_IDENTIFIER = com.ios.GoodWeatherUITests;
				PRODUCT_NAME = "$(TARGET_NAME)";
				SWIFT_EMIT_LOC_STRINGS = NO;
				SWIFT_VERSION = 5.0;
				TARGETED_DEVICE_FAMILY = "1,2";
				TEST_TARGET_NAME = GoodWeather;
			};
			name = Release;
		};
/* End XCBuildConfiguration section */

/* Begin XCConfigurationList section */
		214ABFB62B41AD380094297D /* Build configuration list for PBXProject "GoodWeather" */ = {
			isa = XCConfigurationList;
			buildConfigurations = (
				214ABFE62B41AD3B0094297D /* Debug */,
				214ABFE72B41AD3B0094297D /* Release */,
			);
			defaultConfigurationIsVisible = 0;
			defaultConfigurationName = Release;
		};
		214ABFE82B41AD3B0094297D /* Build configuration list for PBXNativeTarget "GoodWeather" */ = {
			isa = XCConfigurationList;
			buildConfigurations = (
				214ABFE92B41AD3B0094297D /* Debug */,
				214ABFEA2B41AD3B0094297D /* Release */,
			);
			defaultConfigurationIsVisible = 0;
			defaultConfigurationName = Release;
		};
		214ABFEB2B41AD3B0094297D /* Build configuration list for PBXNativeTarget "GoodWeatherTests" */ = {
			isa = XCConfigurationList;
			buildConfigurations = (
				214ABFEC2B41AD3B0094297D /* Debug */,
				214ABFED2B41AD3B0094297D /* Release */,
			);
			defaultConfigurationIsVisible = 0;
			defaultConfigurationName = Release;
		};
		214ABFEE2B41AD3B0094297D /* Build configuration list for PBXNativeTarget "GoodWeatherUITests" */ = {
			isa = XCConfigurationList;
			buildConfigurations = (
				214ABFEF2B41AD3B0094297D /* Debug */,
				214ABFF02B41AD3B0094297D /* Release */,
			);
			defaultConfigurationIsVisible = 0;
			defaultConfigurationName = Release;
		};
/* End XCConfigurationList section */

/* Begin XCVersionGroup section */
		214ABFC72B41AD380094297D /* GoodWeather.xcdatamodeld */ = {
			isa = XCVersionGroup;
			children = (
				214ABFC82B41AD380094297D /* GoodWeather.xcdatamodel */,
			);
			currentVersion = 214ABFC82B41AD380094297D /* GoodWeather.xcdatamodel */;
			path = GoodWeather.xcdatamodeld;
			sourceTree = "<group>";
			versionGroupType = wrapper.xcdatamodel;
		};
/* End XCVersionGroup section */
	};
	rootObject = 214ABFB32B41AD380094297D /* Project object */;
}
